
Microsoft Visual Studio Solution File, Format Version 12.00
# Visual Studio Version 17
VisualStudioVersion = 17.4.33213.308
MinimumVisualStudioVersion = 10.0.40219.1
Project("{FAE04EC0-301F-11D3-BF4B-00C04F79EFBC}") = "ApiPrueba", "ApiPrueba\ApiPrueba.csproj", "{26E086B3-BCD1-4C94-8D39-2E214E345606}"
EndProject
Global
	GlobalSection(SolutionConfigurationPlatforms) = preSolution
		Debug|Any CPU = Debug|Any CPU
		Release|Any CPU = Release|Any CPU
	EndGlobalSection
	GlobalSection(ProjectConfigurationPlatforms) = postSolution
		{26E086B3-BCD1-4C94-8D39-2E214E345606}.Debug|Any CPU.ActiveCfg = Debug|Any CPU
		{26E086B3-BCD1-4C94-8D39-2E214E345606}.Debug|Any CPU.Build.0 = Debug|Any CPU
		{26E086B3-BCD1-4C94-8D39-2E214E345606}.Release|Any CPU.ActiveCfg = Release|Any CPU
		{26E086B3-BCD1-4C94-8D39-2E214E345606}.Release|Any CPU.Build.0 = Release|Any CPU
	EndGlobalSection
	GlobalSection(SolutionProperties) = preSolution
		HideSolutionNode = FALSE
	EndGlobalSection
	GlobalSection(ExtensibilityGlobals) = postSolution
		SolutionGuid = {B423D50C-D529-43B4-BC8C-32D6951779FF}
	EndGlobalSection
EndGlobal
